
Microsoft Visual Studio Solution File, Format Version 12.00
# Visual Studio Version 17
VisualStudioVersion = 17.14.36616.10
MinimumVisualStudioVersion = 10.0.40219.1
Project("{FAE04EC0-301F-11D3-BF4B-00C04F79EFBC}") = "Bank_dbo", "Bank_dbo\Bank_dbo.csproj", "{A4C2F791-8E32-49E3-A9BB-1A8A8F198D87}"
EndProject
Project("{FAE04EC0-301F-11D3-BF4B-00C04F79EFBC}") = "Bank.Domain", "Bank.Domain\Bank.Domain.csproj", "{E06B603B-7206-427C-ABAD-5F80F058BE5B}"
EndProject
Project("{FAE04EC0-301F-11D3-BF4B-00C04F79EFBC}") = "Bank.DataAccess", "Bank.DataAccess\Bank.DataAccess.csproj", "{9573AFAC-9ABC-41D9-8337-C387229CD746}"
EndProject
Project("{FAE04EC0-301F-11D3-BF4B-00C04F79EFBC}") = "Bank.Application", "Bank.Application\Bank.Application.csproj", "{81634794-063E-4CF0-8795-629B1C9B6FEB}"
EndProject
Global
	GlobalSection(SolutionConfigurationPlatforms) = preSolution
		Debug|Any CPU = Debug|Any CPU
		Release|Any CPU = Release|Any CPU
	EndGlobalSection
	GlobalSection(ProjectConfigurationPlatforms) = postSolution
		{A4C2F791-8E32-49E3-A9BB-1A8A8F198D87}.Debug|Any CPU.ActiveCfg = Debug|Any CPU
		{A4C2F791-8E32-49E3-A9BB-1A8A8F198D87}.Debug|Any CPU.Build.0 = Debug|Any CPU
		{A4C2F791-8E32-49E3-A9BB-1A8A8F198D87}.Release|Any CPU.ActiveCfg = Release|Any CPU
		{A4C2F791-8E32-49E3-A9BB-1A8A8F198D87}.Release|Any CPU.Build.0 = Release|Any CPU
		{E06B603B-7206-427C-ABAD-5F80F058BE5B}.Debug|Any CPU.ActiveCfg = Debug|Any CPU
		{E06B603B-7206-427C-ABAD-5F80F058BE5B}.Debug|Any CPU.Build.0 = Debug|Any CPU
		{E06B603B-7206-427C-ABAD-5F80F058BE5B}.Release|Any CPU.ActiveCfg = Release|Any CPU
		{E06B603B-7206-427C-ABAD-5F80F058BE5B}.Release|Any CPU.Build.0 = Release|Any CPU
		{9573AFAC-9ABC-41D9-8337-C387229CD746}.Debug|Any CPU.ActiveCfg = Debug|Any CPU
		{9573AFAC-9ABC-41D9-8337-C387229CD746}.Debug|Any CPU.Build.0 = Debug|Any CPU
		{9573AFAC-9ABC-41D9-8337-C387229CD746}.Release|Any CPU.ActiveCfg = Release|Any CPU
		{9573AFAC-9ABC-41D9-8337-C387229CD746}.Release|Any CPU.Build.0 = Release|Any CPU
		{81634794-063E-4CF0-8795-629B1C9B6FEB}.Debug|Any CPU.ActiveCfg = Debug|Any CPU
		{81634794-063E-4CF0-8795-629B1C9B6FEB}.Debug|Any CPU.Build.0 = Debug|Any CPU
		{81634794-063E-4CF0-8795-629B1C9B6FEB}.Release|Any CPU.ActiveCfg = Release|Any CPU
		{81634794-063E-4CF0-8795-629B1C9B6FEB}.Release|Any CPU.Build.0 = Release|Any CPU
	EndGlobalSection
	GlobalSection(SolutionProperties) = preSolution
		HideSolutionNode = FALSE
	EndGlobalSection
	GlobalSection(ExtensibilityGlobals) = postSolution
		SolutionGuid = {E9443005-DBF2-4D2F-9A8A-9E15C3DDCD77}
	EndGlobalSection
EndGlobal
